// !$*UTF8*$!
{
	archiveVersion = 1;
	classes = {
	};
	objectVersion = 56;
	objects = {

/* Begin PBXBuildFile section */
		8C6423B52C53FE6700AD8C3A /* StartAppApp.swift in Sources */ = {isa = PBXBuildFile; fileRef = 8C6423B42C53FE6700AD8C3A /* StartAppApp.swift */; };
		8C6423B72C53FE6700AD8C3A /* ContentView.swift in Sources */ = {isa = PBXBuildFile; fileRef = 8C6423B62C53FE6700AD8C3A /* ContentView.swift */; };
		8C6423B92C53FE6D00AD8C3A /* Assets.xcassets in Resources */ = {isa = PBXBuildFile; fileRef = 8C6423B82C53FE6D00AD8C3A /* Assets.xcassets */; };
		8C6423BC2C53FE6D00AD8C3A /* Preview Assets.xcassets in Resources */ = {isa = PBXBuildFile; fileRef = 8C6423BB2C53FE6D00AD8C3A /* Preview Assets.xcassets */; };
		8C6423C62C53FE6E00AD8C3A /* StartAppTests.swift in Sources */ = {isa = PBXBuildFile; fileRef = 8C6423C52C53FE6E00AD8C3A /* StartAppTests.swift */; };
		8C6423D02C53FE6E00AD8C3A /* StartAppUITests.swift in Sources */ = {isa = PBXBuildFile; fileRef = 8C6423CF2C53FE6E00AD8C3A /* StartAppUITests.swift */; };
		8C6423D22C53FE6E00AD8C3A /* StartAppUITestsLaunchTests.swift in Sources */ = {isa = PBXBuildFile; fileRef = 8C6423D12C53FE6E00AD8C3A /* StartAppUITestsLaunchTests.swift */; };
/* End PBXBuildFile section */

/* Begin PBXContainerItemProxy section */
		8C6423C22C53FE6E00AD8C3A /* PBXContainerItemProxy */ = {
			isa = PBXContainerItemProxy;
			containerPortal = 8C6423A92C53FE6700AD8C3A /* Project object */;
			proxyType = 1;
			remoteGlobalIDString = 8C6423B02C53FE6700AD8C3A;
			remoteInfo = StartApp;
		};
		8C6423CC2C53FE6E00AD8C3A /* PBXContainerItemProxy */ = {
			isa = PBXContainerItemProxy;
			containerPortal = 8C6423A92C53FE6700AD8C3A /* Project object */;
			proxyType = 1;
			remoteGlobalIDString = 8C6423B02C53FE6700AD8C3A;
			remoteInfo = StartApp;
		};
/* End PBXContainerItemProxy section */

/* Begin PBXFileReference section */
		8C6423B12C53FE6700AD8C3A /* StartApp.app */ = {isa = PBXFileReference; explicitFileType = wrapper.application; includeInIndex = 0; path = StartApp.app; sourceTree = BUILT_PRODUCTS_DIR; };
		8C6423B42C53FE6700AD8C3A /* StartAppApp.swift */ = {isa = PBXFileReference; lastKnownFileType = sourcecode.swift; path = StartAppApp.swift; sourceTree = "<group>"; };
		8C6423B62C53FE6700AD8C3A /* ContentView.swift */ = {isa = PBXFileReference; lastKnownFileType = sourcecode.swift; path = ContentView.swift; sourceTree = "<group>"; };
		8C6423B82C53FE6D00AD8C3A /* Assets.xcassets */ = {isa = PBXFileReference; lastKnownFileType = folder.assetcatalog; path = Assets.xcassets; sourceTree = "<group>"; };
		8C6423BB2C53FE6D00AD8C3A /* Preview Assets.xcassets */ = {isa = PBXFileReference; lastKnownFileType = folder.assetcatalog; path = "Preview Assets.xcassets"; sourceTree = "<group>"; };
		8C6423C12C53FE6E00AD8C3A /* StartAppTests.xctest */ = {isa = PBXFileReference; explicitFileType = wrapper.cfbundle; includeInIndex = 0; path = StartAppTests.xctest; sourceTree = BUILT_PRODUCTS_DIR; };
		8C6423C52C53FE6E00AD8C3A /* StartAppTests.swift */ = {isa = PBXFileReference; lastKnownFileType = sourcecode.swift; path = StartAppTests.swift; sourceTree = "<group>"; };
		8C6423CB2C53FE6E00AD8C3A /* StartAppUITests.xctest */ = {isa = PBXFileReference; explicitFileType = wrapper.cfbundle; includeInIndex = 0; path = StartAppUITests.xctest; sourceTree = BUILT_PRODUCTS_DIR; };
		8C6423CF2C53FE6E00AD8C3A /* StartAppUITests.swift */ = {isa = PBXFileReference; lastKnownFileType = sourcecode.swift; path = StartAppUITests.swift; sourceTree = "<group>"; };
		8C6423D12C53FE6E00AD8C3A /* StartAppUITestsLaunchTests.swift */ = {isa = PBXFileReference; lastKnownFileType = sourcecode.swift; path = StartAppUITestsLaunchTests.swift; sourceTree = "<group>"; };
/* End PBXFileReference section */

/* Begin PBXFrameworksBuildPhase section */
		8C6423AE2C53FE6700AD8C3A /* Frameworks */ = {
			isa = PBXFrameworksBuildPhase;
			buildActionMask = 2147483647;
			files = (
			);
			runOnlyForDeploymentPostprocessing = 0;
		};
		8C6423BE2C53FE6E00AD8C3A /* Frameworks */ = {
			isa = PBXFrameworksBuildPhase;
			buildActionMask = 2147483647;
			files = (
			);
			runOnlyForDeploymentPostprocessing = 0;
		};
		8C6423C82C53FE6E00AD8C3A /* Frameworks */ = {
			isa = PBXFrameworksBuildPhase;
			buildActionMask = 2147483647;
			files = (
			);
			runOnlyForDeploymentPostprocessing = 0;
		};
/* End PBXFrameworksBuildPhase section */

/* Begin PBXGroup section */
		8C6423A82C53FE6700AD8C3A = {
			isa = PBXGroup;
			children = (
				8C6423B32C53FE6700AD8C3A /* StartApp */,
				8C6423C42C53FE6E00AD8C3A /* StartAppTests */,
				8C6423CE2C53FE6E00AD8C3A /* StartAppUITests */,
				8C6423B22C53FE6700AD8C3A /* Products */,
			);
			sourceTree = "<group>";
		};
		8C6423B22C53FE6700AD8C3A /* Products */ = {
			isa = PBXGroup;
			children = (
				8C6423B12C53FE6700AD8C3A /* StartApp.app */,
				8C6423C12C53FE6E00AD8C3A /* StartAppTests.xctest */,
				8C6423CB2C53FE6E00AD8C3A /* StartAppUITests.xctest */,
			);
			name = Products;
			sourceTree = "<group>";
		};
		8C6423B32C53FE6700AD8C3A /* StartApp */ = {
			isa = PBXGroup;
			children = (
				8C6423B42C53FE6700AD8C3A /* StartAppApp.swift */,
				8C6423B62C53FE6700AD8C3A /* ContentView.swift */,
				8C6423B82C53FE6D00AD8C3A /* Assets.xcassets */,
				8C6423BA2C53FE6D00AD8C3A /* Preview Content */,
			);
			path = StartApp;
			sourceTree = "<group>";
		};
		8C6423BA2C53FE6D00AD8C3A /* Preview Content */ = {
			isa = PBXGroup;
			children = (
				8C6423BB2C53FE6D00AD8C3A /* Preview Assets.xcassets */,
			);
			path = "Preview Content";
			sourceTree = "<group>";
		};
		8C6423C42C53FE6E00AD8C3A /* StartAppTests */ = {
			isa = PBXGroup;
			children = (
				8C6423C52C53FE6E00AD8C3A /* StartAppTests.swift */,
			);
			path = StartAppTests;
			sourceTree = "<group>";
		};
		8C6423CE2C53FE6E00AD8C3A /* StartAppUITests */ = {
			isa = PBXGroup;
			children = (
				8C6423CF2C53FE6E00AD8C3A /* StartAppUITests.swift */,
				8C6423D12C53FE6E00AD8C3A /* StartAppUITestsLaunchTests.swift */,
			);
			path = StartAppUITests;
			sourceTree = "<group>";
		};
/* End PBXGroup section */

/* Begin PBXNativeTarget section */
		8C6423B02C53FE6700AD8C3A /* StartApp */ = {
			isa = PBXNativeTarget;
			buildConfigurationList = 8C6423D52C53FE6E00AD8C3A /* Build configuration list for PBXNativeTarget "StartApp" */;
			buildPhases = (
				8C6423AD2C53FE6700AD8C3A /* Sources */,
				8C6423AE2C53FE6700AD8C3A /* Frameworks */,
				8C6423AF2C53FE6700AD8C3A /* Resources */,
			);
			buildRules = (
			);
			dependencies = (
			);
			name = StartApp;
			productName = StartApp;
			productReference = 8C6423B12C53FE6700AD8C3A /* StartApp.app */;
			productType = "com.apple.product-type.application";
		};
		8C6423C02C53FE6E00AD8C3A /* StartAppTests */ = {
			isa = PBXNativeTarget;
			buildConfigurationList = 8C6423D82C53FE6E00AD8C3A /* Build configuration list for PBXNativeTarget "StartAppTests" */;
			buildPhases = (
				8C6423BD2C53FE6E00AD8C3A /* Sources */,
				8C6423BE2C53FE6E00AD8C3A /* Frameworks */,
				8C6423BF2C53FE6E00AD8C3A /* Resources */,
			);
			buildRules = (
			);
			dependencies = (
				8C6423C32C53FE6E00AD8C3A /* PBXTargetDependency */,
			);
			name = StartAppTests;
			productName = StartAppTests;
			productReference = 8C6423C12C53FE6E00AD8C3A /* StartAppTests.xctest */;
			productType = "com.apple.product-type.bundle.unit-test";
		};
		8C6423CA2C53FE6E00AD8C3A /* StartAppUITests */ = {
			isa = PBXNativeTarget;
			buildConfigurationList = 8C6423DB2C53FE6E00AD8C3A /* Build configuration list for PBXNativeTarget "StartAppUITests" */;
			buildPhases = (
				8C6423C72C53FE6E00AD8C3A /* Sources */,
				8C6423C82C53FE6E00AD8C3A /* Frameworks */,
				8C6423C92C53FE6E00AD8C3A /* Resources */,
			);
			buildRules = (
			);
			dependencies = (
				8C6423CD2C53FE6E00AD8C3A /* PBXTargetDependency */,
			);
			name = StartAppUITests;
			productName = StartAppUITests;
			productReference = 8C6423CB2C53FE6E00AD8C3A /* StartAppUITests.xctest */;
			productType = "com.apple.product-type.bundle.ui-testing";
		};
/* End PBXNativeTarget section */

/* Begin PBXProject section */
		8C6423A92C53FE6700AD8C3A /* Project object */ = {
			isa = PBXProject;
			attributes = {
				BuildIndependentTargetsInParallel = 1;
				LastSwiftUpdateCheck = 1540;
				LastUpgradeCheck = 1540;
				TargetAttributes = {
					8C6423B02C53FE6700AD8C3A = {
						CreatedOnToolsVersion = 15.4;
					};
					8C6423C02C53FE6E00AD8C3A = {
						CreatedOnToolsVersion = 15.4;
						TestTargetID = 8C6423B02C53FE6700AD8C3A;
					};
					8C6423CA2C53FE6E00AD8C3A = {
						CreatedOnToolsVersion = 15.4;
						TestTargetID = 8C6423B02C53FE6700AD8C3A;
					};
				};
			};
			buildConfigurationList = 8C6423AC2C53FE6700AD8C3A /* Build configuration list for PBXProject "StartApp" */;
			compatibilityVersion = "Xcode 14.0";
			developmentRegion = en;
			hasScannedForEncodings = 0;
			knownRegions = (
				en,
				Base,
			);
			mainGroup = 8C6423A82C53FE6700AD8C3A;
			productRefGroup = 8C6423B22C53FE6700AD8C3A /* Products */;
			projectDirPath = "";
			projectRoot = "";
			targets = (
				8C6423B02C53FE6700AD8C3A /* StartApp */,
				8C6423C02C53FE6E00AD8C3A /* StartAppTests */,
				8C6423CA2C53FE6E00AD8C3A /* StartAppUITests */,
			);
		};
/* End PBXProject section */

/* Begin PBXResourcesBuildPhase section */
		8C6423AF2C53FE6700AD8C3A /* Resources */ = {
			isa = PBXResourcesBuildPhase;
			buildActionMask = 2147483647;
			files = (
				8C6423BC2C53FE6D00AD8C3A /* Preview Assets.xcassets in Resources */,
				8C6423B92C53FE6D00AD8C3A /* Assets.xcassets in Resources */,
			);
			runOnlyForDeploymentPostprocessing = 0;
		};
		8C6423BF2C53FE6E00AD8C3A /* Resources */ = {
			isa = PBXResourcesBuildPhase;
			buildActionMask = 2147483647;
			files = (
			);
			runOnlyForDeploymentPostprocessing = 0;
		};
		8C6423C92C53FE6E00AD8C3A /* Resources */ = {
			isa = PBXResourcesBuildPhase;
			buildActionMask = 2147483647;
			files = (
			);
			runOnlyForDeploymentPostprocessing = 0;
		};
/* End PBXResourcesBuildPhase section */

/* Begin PBXSourcesBuildPhase section */
		8C6423AD2C53FE6700AD8C3A /* Sources */ = {
			isa = PBXSourcesBuildPhase;
			buildActionMask = 2147483647;
			files = (
				8C6423B72C53FE6700AD8C3A /* ContentView.swift in Sources */,
				8C6423B52C53FE6700AD8C3A /* StartAppApp.swift in Sources */,
			);
			runOnlyForDeploymentPostprocessing = 0;
		};
		8C6423BD2C53FE6E00AD8C3A /* Sources */ = {
			isa = PBXSourcesBuildPhase;
			buildActionMask = 2147483647;
			files = (
				8C6423C62C53FE6E00AD8C3A /* StartAppTests.swift in Sources */,
			);
			runOnlyForDeploymentPostprocessing = 0;
		};
		8C6423C72C53FE6E00AD8C3A /* Sources */ = {
			isa = PBXSourcesBuildPhase;
			buildActionMask = 2147483647;
			files = (
				8C6423D22C53FE6E00AD8C3A /* StartAppUITestsLaunchTests.swift in Sources */,
				8C6423D02C53FE6E00AD8C3A /* StartAppUITests.swift in Sources */,
			);
			runOnlyForDeploymentPostprocessing = 0;
		};
/* End PBXSourcesBuildPhase section */

/* Begin PBXTargetDependency section */
		8C6423C32C53FE6E00AD8C3A /* PBXTargetDependency */ = {
			isa = PBXTargetDependency;
			target = 8C6423B02C53FE6700AD8C3A /* StartApp */;
			targetProxy = 8C6423C22C53FE6E00AD8C3A /* PBXContainerItemProxy */;
		};
		8C6423CD2C53FE6E00AD8C3A /* PBXTargetDependency */ = {
			isa = PBXTargetDependency;
			target = 8C6423B02C53FE6700AD8C3A /* StartApp */;
			targetProxy = 8C6423CC2C53FE6E00AD8C3A /* PBXContainerItemProxy */;
		};
/* End PBXTargetDependency section */

/* Begin XCBuildConfiguration section */
		8C6423D32C53FE6E00AD8C3A /* Debug */ = {
			isa = XCBuildConfiguration;
			buildSettings = {
				ALWAYS_SEARCH_USER_PATHS = NO;
				ASSETCATALOG_COMPILER_GENERATE_SWIFT_ASSET_SYMBOL_EXTENSIONS = YES;
				CLANG_ANALYZER_NONNULL = YES;
				CLANG_ANALYZER_NUMBER_OBJECT_CONVERSION = YES_AGGRESSIVE;
				CLANG_CXX_LANGUAGE_STANDARD = "gnu++20";
				CLANG_ENABLE_MODULES = YES;
				CLANG_ENABLE_OBJC_ARC = YES;
				CLANG_ENABLE_OBJC_WEAK = YES;
				CLANG_WARN_BLOCK_CAPTURE_AUTORELEASING = YES;
				CLANG_WARN_BOOL_CONVERSION = YES;
				CLANG_WARN_COMMA = YES;
				CLANG_WARN_CONSTANT_CONVERSION = YES;
				CLANG_WARN_DEPRECATED_OBJC_IMPLEMENTATIONS = YES;
				CLANG_WARN_DIRECT_OBJC_ISA_USAGE = YES_ERROR;
				CLANG_WARN_DOCUMENTATION_COMMENTS = YES;
				CLANG_WARN_EMPTY_BODY = YES;
				CLANG_WARN_ENUM_CONVERSION = YES;
				CLANG_WARN_INFINITE_RECURSION = YES;
				CLANG_WARN_INT_CONVERSION = YES;
				CLANG_WARN_NON_LITERAL_NULL_CONVERSION = YES;
				CLANG_WARN_OBJC_IMPLICIT_RETAIN_SELF = YES;
				CLANG_WARN_OBJC_LITERAL_CONVERSION = YES;
				CLANG_WARN_OBJC_ROOT_CLASS = YES_ERROR;
				CLANG_WARN_QUOTED_INCLUDE_IN_FRAMEWORK_HEADER = YES;
				CLANG_WARN_RANGE_LOOP_ANALYSIS = YES;
				CLANG_WARN_STRICT_PROTOTYPES = YES;
				CLANG_WARN_SUSPICIOUS_MOVE = YES;
				CLANG_WARN_UNGUARDED_AVAILABILITY = YES_AGGRESSIVE;
				CLANG_WARN_UNREACHABLE_CODE = YES;
				CLANG_WARN__DUPLICATE_METHOD_MATCH = YES;
				COPY_PHASE_STRIP = NO;
				DEBUG_INFORMATION_FORMAT = dwarf;
				ENABLE_STRICT_OBJC_MSGSEND = YES;
				ENABLE_TESTABILITY = YES;
				ENABLE_USER_SCRIPT_SANDBOXING = YES;
				GCC_C_LANGUAGE_STANDARD = gnu17;
				GCC_DYNAMIC_NO_PIC = NO;
				GCC_NO_COMMON_BLOCKS = YES;
				GCC_OPTIMIZATION_LEVEL = 0;
				GCC_PREPROCESSOR_DEFINITIONS = (
					"DEBUG=1",
					"$(inherited)",
				);
				GCC_WARN_64_TO_32_BIT_CONVERSION = YES;
				GCC_WARN_ABOUT_RETURN_TYPE = YES_ERROR;
				GCC_WARN_UNDECLARED_SELECTOR = YES;
				GCC_WARN_UNINITIALIZED_AUTOS = YES_AGGRESSIVE;
				GCC_WARN_UNUSED_FUNCTION = YES;
				GCC_WARN_UNUSED_VARIABLE = YES;
				IPHONEOS_DEPLOYMENT_TARGET = 17.5;
				LOCALIZATION_PREFERS_STRING_CATALOGS = YES;
				MTL_ENABLE_DEBUG_INFO = INCLUDE_SOURCE;
				MTL_FAST_MATH = YES;
				ONLY_ACTIVE_ARCH = YES;
				SDKROOT = iphoneos;
				SWIFT_ACTIVE_COMPILATION_CONDITIONS = "DEBUG $(inherited)";
				SWIFT_OPTIMIZATION_LEVEL = "-Onone";
			};
			name = Debug;
		};
		8C6423D42C53FE6E00AD8C3A /* Release */ = {
			isa = XCBuildConfiguration;
			buildSettings = {
				ALWAYS_SEARCH_USER_PATHS = NO;
				ASSETCATALOG_COMPILER_GENERATE_SWIFT_ASSET_SYMBOL_EXTENSIONS = YES;
				CLANG_ANALYZER_NONNULL = YES;
				CLANG_ANALYZER_NUMBER_OBJECT_CONVERSION = YES_AGGRESSIVE;
				CLANG_CXX_LANGUAGE_STANDARD = "gnu++20";
				CLANG_ENABLE_MODULES = YES;
				CLANG_ENABLE_OBJC_ARC = YES;
				CLANG_ENABLE_OBJC_WEAK = YES;
				CLANG_WARN_BLOCK_CAPTURE_AUTORELEASING = YES;
				CLANG_WARN_BOOL_CONVERSION = YES;
				CLANG_WARN_COMMA = YES;
				CLANG_WARN_CONSTANT_CONVERSION = YES;
				CLANG_WARN_DEPRECATED_OBJC_IMPLEMENTATIONS = YES;
				CLANG_WARN_DIRECT_OBJC_ISA_USAGE = YES_ERROR;
				CLANG_WARN_DOCUMENTATION_COMMENTS = YES;
				CLANG_WARN_EMPTY_BODY = YES;
				CLANG_WARN_ENUM_CONVERSION = YES;
				CLANG_WARN_INFINITE_RECURSION = YES;
				CLANG_WARN_INT_CONVERSION = YES;
				CLANG_WARN_NON_LITERAL_NULL_CONVERSION = YES;
				CLANG_WARN_OBJC_IMPLICIT_RETAIN_SELF = YES;
				CLANG_WARN_OBJC_LITERAL_CONVERSION = YES;
				CLANG_WARN_OBJC_ROOT_CLASS = YES_ERROR;
				CLANG_WARN_QUOTED_INCLUDE_IN_FRAMEWORK_HEADER = YES;
				CLANG_WARN_RANGE_LOOP_ANALYSIS = YES;
				CLANG_WARN_STRICT_PROTOTYPES = YES;
				CLANG_WARN_SUSPICIOUS_MOVE = YES;
				CLANG_WARN_UNGUARDED_AVAILABILITY = YES_AGGRESSIVE;
				CLANG_WARN_UNREACHABLE_CODE = YES;
				CLANG_WARN__DUPLICATE_METHOD_MATCH = YES;
				COPY_PHASE_STRIP = NO;
				DEBUG_INFORMATION_FORMAT = "dwarf-with-dsym";
				ENABLE_NS_ASSERTIONS = NO;
				ENABLE_STRICT_OBJC_MSGSEND = YES;
				ENABLE_USER_SCRIPT_SANDBOXING = YES;
				GCC_C_LANGUAGE_STANDARD = gnu17;
				GCC_NO_COMMON_BLOCKS = YES;
				GCC_WARN_64_TO_32_BIT_CONVERSION = YES;
				GCC_WARN_ABOUT_RETURN_TYPE = YES_ERROR;
				GCC_WARN_UNDECLARED_SELECTOR = YES;
				GCC_WARN_UNINITIALIZED_AUTOS = YES_AGGRESSIVE;
				GCC_WARN_UNUSED_FUNCTION = YES;
				GCC_WARN_UNUSED_VARIABLE = YES;
				IPHONEOS_DEPLOYMENT_TARGET = 17.5;
				LOCALIZATION_PREFERS_STRING_CATALOGS = YES;
				MTL_ENABLE_DEBUG_INFO = NO;
				MTL_FAST_MATH = YES;
				SDKROOT = iphoneos;
				SWIFT_COMPILATION_MODE = wholemodule;
				VALIDATE_PRODUCT = YES;
			};
			name = Release;
		};
		8C6423D62C53FE6E00AD8C3A /* Debug */ = {
			isa = XCBuildConfiguration;
			buildSettings = {
				ASSETCATALOG_COMPILER_APPICON_NAME = AppIcon;
				ASSETCATALOG_COMPILER_GLOBAL_ACCENT_COLOR_NAME = AccentColor;
				CODE_SIGN_STYLE = Automatic;
				CURRENT_PROJECT_VERSION = 1;
				DEVELOPMENT_ASSET_PATHS = "\"StartApp/Preview Content\"";
				DEVELOPMENT_TEAM = DHVX9ZJYSX;
				ENABLE_PREVIEWS = YES;
				GENERATE_INFOPLIST_FILE = YES;
				INFOPLIST_KEY_UIApplicationSceneManifest_Generation = YES;
				INFOPLIST_KEY_UIApplicationSupportsIndirectInputEvents = YES;
				INFOPLIST_KEY_UILaunchScreen_Generation = YES;
				INFOPLIST_KEY_UISupportedInterfaceOrientations_iPad = "UIInterfaceOrientationPortrait UIInterfaceOrientationPortraitUpsideDown UIInterfaceOrientationLandscapeLeft UIInterfaceOrientationLandscapeRight";
				INFOPLIST_KEY_UISupportedInterfaceOrientations_iPhone = "UIInterfaceOrientationPortrait UIInterfaceOrientationLandscapeLeft UIInterfaceOrientationLandscapeRight";
				LD_RUNPATH_SEARCH_PATHS = (
					"$(inherited)",
					"@executable_path/Frameworks",
				);
				MARKETING_VERSION = 1.0;
				PRODUCT_BUNDLE_IDENTIFIER = TestApp.StartApp;
				PRODUCT_NAME = "$(TARGET_NAME)";
				SWIFT_EMIT_LOC_STRINGS = YES;
				SWIFT_VERSION = 5.0;
				TARGETED_DEVICE_FAMILY = "1,2";
			};
			name = Debug;
		};
		8C6423D72C53FE6E00AD8C3A /* Release */ = {
			isa = XCBuildConfiguration;
			buildSettings = {
				ASSETCATALOG_COMPILER_APPICON_NAME = AppIcon;
				ASSETCATALOG_COMPILER_GLOBAL_ACCENT_COLOR_NAME = AccentColor;
				CODE_SIGN_STYLE = Automatic;
				CURRENT_PROJECT_VERSION = 1;
				DEVELOPMENT_ASSET_PATHS = "\"StartApp/Preview Content\"";
				DEVELOPMENT_TEAM = DHVX9ZJYSX;
				ENABLE_PREVIEWS = YES;
				GENERATE_INFOPLIST_FILE = YES;
				INFOPLIST_KEY_UIApplicationSceneManifest_Generation = YES;
				INFOPLIST_KEY_UIApplicationSupportsIndirectInputEvents = YES;
				INFOPLIST_KEY_UILaunchScreen_Generation = YES;
				INFOPLIST_KEY_UISupportedInterfaceOrientations_iPad = "UIInterfaceOrientationPortrait UIInterfaceOrientationPortraitUpsideDown UIInterfaceOrientationLandscapeLeft UIInterfaceOrientationLandscapeRight";
				INFOPLIST_KEY_UISupportedInterfaceOrientations_iPhone = "UIInterfaceOrientationPortrait UIInterfaceOrientationLandscapeLeft UIInterfaceOrientationLandscapeRight";
				LD_RUNPATH_SEARCH_PATHS = (
					"$(inherited)",
					"@executable_path/Frameworks",
				);
				MARKETING_VERSION = 1.0;
				PRODUCT_BUNDLE_IDENTIFIER = TestApp.StartApp;
				PRODUCT_NAME = "$(TARGET_NAME)";
				SWIFT_EMIT_LOC_STRINGS = YES;
				SWIFT_VERSION = 5.0;
				TARGETED_DEVICE_FAMILY = "1,2";
			};
			name = Release;
		};
		8C6423D92C53FE6E00AD8C3A /* Debug */ = {
			isa = XCBuildConfiguration;
			buildSettings = {
				ALWAYS_EMBED_SWIFT_STANDARD_LIBRARIES = YES;
				BUNDLE_LOADER = "$(TEST_HOST)";
				CODE_SIGN_STYLE = Automatic;
				CURRENT_PROJECT_VERSION = 1;
				DEVELOPMENT_TEAM = DHVX9ZJYSX;
				GENERATE_INFOPLIST_FILE = YES;
				IPHONEOS_DEPLOYMENT_TARGET = 17.5;
				MARKETING_VERSION = 1.0;
				PRODUCT_BUNDLE_IDENTIFIER = TestApp.StartAppTests;
				PRODUCT_NAME = "$(TARGET_NAME)";
				SWIFT_EMIT_LOC_STRINGS = NO;
				SWIFT_VERSION = 5.0;
				TARGETED_DEVICE_FAMILY = "1,2";
				TEST_HOST = "$(BUILT_PRODUCTS_DIR)/StartApp.app/$(BUNDLE_EXECUTABLE_FOLDER_PATH)/StartApp";
			};
			name = Debug;
		};
		8C6423DA2C53FE6E00AD8C3A /* Release */ = {
			isa = XCBuildConfiguration;
			buildSettings = {
				ALWAYS_EMBED_SWIFT_STANDARD_LIBRARIES = YES;
				BUNDLE_LOADER = "$(TEST_HOST)";
				CODE_SIGN_STYLE = Automatic;
				CURRENT_PROJECT_VERSION = 1;
				DEVELOPMENT_TEAM = DHVX9ZJYSX;
				GENERATE_INFOPLIST_FILE = YES;
				IPHONEOS_DEPLOYMENT_TARGET = 17.5;
				MARKETING_VERSION = 1.0;
				PRODUCT_BUNDLE_IDENTIFIER = TestApp.StartAppTests;
				PRODUCT_NAME = "$(TARGET_NAME)";
				SWIFT_EMIT_LOC_STRINGS = NO;
				SWIFT_VERSION = 5.0;
				TARGETED_DEVICE_FAMILY = "1,2";
				TEST_HOST = "$(BUILT_PRODUCTS_DIR)/StartApp.app/$(BUNDLE_EXECUTABLE_FOLDER_PATH)/StartApp";
			};
			name = Release;
		};
		8C6423DC2C53FE6E00AD8C3A /* Debug */ = {
			isa = XCBuildConfiguration;
			buildSettings = {
				ALWAYS_EMBED_SWIFT_STANDARD_LIBRARIES = YES;
				CODE_SIGN_STYLE = Automatic;
				CURRENT_PROJECT_VERSION = 1;
				DEVELOPMENT_TEAM = DHVX9ZJYSX;
				GENERATE_INFOPLIST_FILE = YES;
				MARKETING_VERSION = 1.0;
				PRODUCT_BUNDLE_IDENTIFIER = TestApp.StartAppUITests;
				PRODUCT_NAME = "$(TARGET_NAME)";
				SWIFT_EMIT_LOC_STRINGS = NO;
				SWIFT_VERSION = 5.0;
				TARGETED_DEVICE_FAMILY = "1,2";
				TEST_TARGET_NAME = StartApp;
			};
			name = Debug;
		};
		8C6423DD2C53FE6E00AD8C3A /* Release */ = {
			isa = XCBuildConfiguration;
			buildSettings = {
				ALWAYS_EMBED_SWIFT_STANDARD_LIBRARIES = YES;
				CODE_SIGN_STYLE = Automatic;
				CURRENT_PROJECT_VERSION = 1;
				DEVELOPMENT_TEAM = DHVX9ZJYSX;
				GENERATE_INFOPLIST_FILE = YES;
				MARKETING_VERSION = 1.0;
				PRODUCT_BUNDLE_IDENTIFIER = TestApp.StartAppUITests;
				PRODUCT_NAME = "$(TARGET_NAME)";
				SWIFT_EMIT_LOC_STRINGS = NO;
				SWIFT_VERSION = 5.0;
				TARGETED_DEVICE_FAMILY = "1,2";
				TEST_TARGET_NAME = StartApp;
			};
			name = Release;
		};
/* End XCBuildConfiguration section */

/* Begin XCConfigurationList section */
		8C6423AC2C53FE6700AD8C3A /* Build configuration list for PBXProject "StartApp" */ = {
			isa = XCConfigurationList;
			buildConfigurations = (
				8C6423D32C53FE6E00AD8C3A /* Debug */,
				8C6423D42C53FE6E00AD8C3A /* Release */,
			);
			defaultConfigurationIsVisible = 0;
			defaultConfigurationName = Release;
		};
		8C6423D52C53FE6E00AD8C3A /* Build configuration list for PBXNativeTarget "StartApp" */ = {
			isa = XCConfigurationList;
			buildConfigurations = (
				8C6423D62C53FE6E00AD8C3A /* Debug */,
				8C6423D72C53FE6E00AD8C3A /* Release */,
			);
			defaultConfigurationIsVisible = 0;
			defaultConfigurationName = Release;
		};
		8C6423D82C53FE6E00AD8C3A /* Build configuration list for PBXNativeTarget "StartAppTests" */ = {
			isa = XCConfigurationList;
			buildConfigurations = (
				8C6423D92C53FE6E00AD8C3A /* Debug */,
				8C6423DA2C53FE6E00AD8C3A /* Release */,
			);
			defaultConfigurationIsVisible = 0;
			defaultConfigurationName = Release;
		};
		8C6423DB2C53FE6E00AD8C3A /* Build configuration list for PBXNativeTarget "StartAppUITests" */ = {
			isa = XCConfigurationList;
			buildConfigurations = (
				8C6423DC2C53FE6E00AD8C3A /* Debug */,
				8C6423DD2C53FE6E00AD8C3A /* Release */,
			);
			defaultConfigurationIsVisible = 0;
			defaultConfigurationName = Release;
		};
/* End XCConfigurationList section */
	};
	rootObject = 8C6423A92C53FE6700AD8C3A /* Project object */;
}
